
Microsoft Visual Studio Solution File, Format Version 12.00
# Visual Studio Version 16
VisualStudioVersion = 16.0.31129.286
MinimumVisualStudioVersion = 10.0.40219.1
Project("{9A19103F-16F7-4668-BE54-9A1E7A4F7556}") = "PageTechsLMS.DataCore", "PageTechsLMS.DataCore\PageTechsLMS.DataCore.csproj", "{37378EDA-EBF5-4722-AC1A-6D56426FF446}"
EndProject
Project("{9A19103F-16F7-4668-BE54-9A1E7A4F7556}") = "PageTechsLMS.Admin", "PageTechsLMS.Admin\PageTechsLMS.Admin.csproj", "{2AF9D879-5AFF-4213-9844-74447DB335B5}"
EndProject
Project("{9A19103F-16F7-4668-BE54-9A1E7A4F7556}") = "PageTechsLMS.Service", "PageTechsLMS.Service\PageTechsLMS.Service.csproj", "{F075C785-E34B-4D21-A012-57EF3065CE4F}"
EndProject
Project("{9A19103F-16F7-4668-BE54-9A1E7A4F7556}") = "Pagetechs.Framework", "Pagetechs.Framework\Pagetechs.Framework.csproj", "{77D60BB4-D8D6-4127-9A31-6587CBE30C2E}"
EndProject
Project("{9A19103F-16F7-4668-BE54-9A1E7A4F7556}") = "PagetechsLMS.WebAndApi", "PagetechsLMS.WebAndApi\PagetechsLMS.WebAndApi.csproj", "{5B27768F-CDA5-4786-8268-0CC6BDBEB3CB}"
EndProject
Global
	GlobalSection(SolutionConfigurationPlatforms) = preSolution
		Debug|Any CPU = Debug|Any CPU
		Release|Any CPU = Release|Any CPU
	EndGlobalSection
	GlobalSection(ProjectConfigurationPlatforms) = postSolution
		{37378EDA-EBF5-4722-AC1A-6D56426FF446}.Debug|Any CPU.ActiveCfg = Debug|Any CPU
		{37378EDA-EBF5-4722-AC1A-6D56426FF446}.Debug|Any CPU.Build.0 = Debug|Any CPU
		{37378EDA-EBF5-4722-AC1A-6D56426FF446}.Release|Any CPU.ActiveCfg = Release|Any CPU
		{37378EDA-EBF5-4722-AC1A-6D56426FF446}.Release|Any CPU.Build.0 = Release|Any CPU
		{2AF9D879-5AFF-4213-9844-74447DB335B5}.Debug|Any CPU.ActiveCfg = Debug|Any CPU
		{2AF9D879-5AFF-4213-9844-74447DB335B5}.Debug|Any CPU.Build.0 = Debug|Any CPU
		{2AF9D879-5AFF-4213-9844-74447DB335B5}.Release|Any CPU.ActiveCfg = Release|Any CPU
		{2AF9D879-5AFF-4213-9844-74447DB335B5}.Release|Any CPU.Build.0 = Release|Any CPU
		{F075C785-E34B-4D21-A012-57EF3065CE4F}.Debug|Any CPU.ActiveCfg = Debug|Any CPU
		{F075C785-E34B-4D21-A012-57EF3065CE4F}.Debug|Any CPU.Build.0 = Debug|Any CPU
		{F075C785-E34B-4D21-A012-57EF3065CE4F}.Release|Any CPU.ActiveCfg = Release|Any CPU
		{F075C785-E34B-4D21-A012-57EF3065CE4F}.Release|Any CPU.Build.0 = Release|Any CPU
		{77D60BB4-D8D6-4127-9A31-6587CBE30C2E}.Debug|Any CPU.ActiveCfg = Debug|Any CPU
		{77D60BB4-D8D6-4127-9A31-6587CBE30C2E}.Debug|Any CPU.Build.0 = Debug|Any CPU
		{77D60BB4-D8D6-4127-9A31-6587CBE30C2E}.Release|Any CPU.ActiveCfg = Release|Any CPU
		{77D60BB4-D8D6-4127-9A31-6587CBE30C2E}.Release|Any CPU.Build.0 = Release|Any CPU
		{5B27768F-CDA5-4786-8268-0CC6BDBEB3CB}.Debug|Any CPU.ActiveCfg = Debug|Any CPU
		{5B27768F-CDA5-4786-8268-0CC6BDBEB3CB}.Debug|Any CPU.Build.0 = Debug|Any CPU
		{5B27768F-CDA5-4786-8268-0CC6BDBEB3CB}.Release|Any CPU.ActiveCfg = Release|Any CPU
		{5B27768F-CDA5-4786-8268-0CC6BDBEB3CB}.Release|Any CPU.Build.0 = Release|Any CPU
	EndGlobalSection
	GlobalSection(SolutionProperties) = preSolution
		HideSolutionNode = FALSE
	EndGlobalSection
	GlobalSection(ExtensibilityGlobals) = postSolution
		SolutionGuid = {02751587-7BC5-4B04-82BF-28CB0C8786E1}
	EndGlobalSection
EndGlobal
